
Microsoft Visual Studio Solution File, Format Version 12.00
# Visual Studio Version 17
VisualStudioVersion = 17.7.34031.279
MinimumVisualStudioVersion = 10.0.40219.1
Project("{9A19103F-16F7-4668-BE54-9A1E7A4F7556}") = "EF_pr8", "EF_pr8.csproj", "{658006FC-15D3-43D2-A3FE-2EEF21053CD3}"
EndProject
Project("{FAE04EC0-301F-11D3-BF4B-00C04F79EFBC}") = "EF_pr8.Tests", "..\EF_pr8.Tests\EF_pr8.Tests.csproj", "{BDA8761D-327B-4BC8-9FD9-49514510CC10}"
EndProject
Global
	GlobalSection(SolutionConfigurationPlatforms) = preSolution
		Debug|Any CPU = Debug|Any CPU
		Release|Any CPU = Release|Any CPU
	EndGlobalSection
	GlobalSection(ProjectConfigurationPlatforms) = postSolution
		{658006FC-15D3-43D2-A3FE-2EEF21053CD3}.Debug|Any CPU.ActiveCfg = Debug|Any CPU
		{658006FC-15D3-43D2-A3FE-2EEF21053CD3}.Debug|Any CPU.Build.0 = Debug|Any CPU
		{658006FC-15D3-43D2-A3FE-2EEF21053CD3}.Release|Any CPU.ActiveCfg = Release|Any CPU
		{658006FC-15D3-43D2-A3FE-2EEF21053CD3}.Release|Any CPU.Build.0 = Release|Any CPU
		{BDA8761D-327B-4BC8-9FD9-49514510CC10}.Debug|Any CPU.ActiveCfg = Debug|Any CPU
		{BDA8761D-327B-4BC8-9FD9-49514510CC10}.Debug|Any CPU.Build.0 = Debug|Any CPU
		{BDA8761D-327B-4BC8-9FD9-49514510CC10}.Release|Any CPU.ActiveCfg = Release|Any CPU
		{BDA8761D-327B-4BC8-9FD9-49514510CC10}.Release|Any CPU.Build.0 = Release|Any CPU
	EndGlobalSection
	GlobalSection(SolutionProperties) = preSolution
		HideSolutionNode = FALSE
	EndGlobalSection
	GlobalSection(ExtensibilityGlobals) = postSolution
		SolutionGuid = {FDA9F67E-9787-459F-9423-13B9CDCCAF64}
	EndGlobalSection
EndGlobal
