
Microsoft Visual Studio Solution File, Format Version 12.00
# Visual Studio Version 17
VisualStudioVersion = 17.7.34031.279
MinimumVisualStudioVersion = 10.0.40219.1
Project("{FAE04EC0-301F-11D3-BF4B-00C04F79EFBC}") = "ADO.Net", "..\..\..\Multithreading_lab6_2\Lab6\ADO.Net\ADO.Net.csproj", "{46B716EE-78A5-476A-A7C2-E23B70754128}"
EndProject
Project("{FAE04EC0-301F-11D3-BF4B-00C04F79EFBC}") = "ADO.Net.Tests", "..\..\..\Multithreading_lab6_2\Lab6\ADO.Net.Tests\ADO.Net.Tests.csproj", "{15F5D6D0-6279-4BC3-ACDC-27D7953E758A}"
EndProject
Global
	GlobalSection(SolutionConfigurationPlatforms) = preSolution
		Debug|Any CPU = Debug|Any CPU
		Release|Any CPU = Release|Any CPU
	EndGlobalSection
	GlobalSection(ProjectConfigurationPlatforms) = postSolution
		{46B716EE-78A5-476A-A7C2-E23B70754128}.Debug|Any CPU.ActiveCfg = Debug|Any CPU
		{46B716EE-78A5-476A-A7C2-E23B70754128}.Debug|Any CPU.Build.0 = Debug|Any CPU
		{46B716EE-78A5-476A-A7C2-E23B70754128}.Release|Any CPU.ActiveCfg = Release|Any CPU
		{46B716EE-78A5-476A-A7C2-E23B70754128}.Release|Any CPU.Build.0 = Release|Any CPU
		{15F5D6D0-6279-4BC3-ACDC-27D7953E758A}.Debug|Any CPU.ActiveCfg = Debug|Any CPU
		{15F5D6D0-6279-4BC3-ACDC-27D7953E758A}.Debug|Any CPU.Build.0 = Debug|Any CPU
		{15F5D6D0-6279-4BC3-ACDC-27D7953E758A}.Release|Any CPU.ActiveCfg = Release|Any CPU
		{15F5D6D0-6279-4BC3-ACDC-27D7953E758A}.Release|Any CPU.Build.0 = Release|Any CPU
	EndGlobalSection
	GlobalSection(SolutionProperties) = preSolution
		HideSolutionNode = FALSE
	EndGlobalSection
	GlobalSection(ExtensibilityGlobals) = postSolution
		SolutionGuid = {8EC536DD-D00F-4874-8C45-0B8F83B5B8A9}
	EndGlobalSection
EndGlobal
