
Microsoft Visual Studio Solution File, Format Version 12.00
# Visual Studio Version 17
VisualStudioVersion = 17.7.34031.279
MinimumVisualStudioVersion = 10.0.40219.1
Project("{9A19103F-16F7-4668-BE54-9A1E7A4F7556}") = "ReflectionPR1", "ReflectionPR1\ReflectionPR1.csproj", "{595014CC-26BD-4972-8FB1-22A6DC734AE8}"
EndProject
Project("{9A19103F-16F7-4668-BE54-9A1E7A4F7556}") = "ReflectionLibrary", "ReflectionLibrary\ReflectionLibrary.csproj", "{39BFF865-2238-41EE-AEB0-EC2F7BC2E53C}"
EndProject
Project("{FAE04EC0-301F-11D3-BF4B-00C04F79EFBC}") = "Serialization_pr2", "..\Lab2\Serialization_pr2\Serialization_pr2.csproj", "{12E5C795-9D5F-4D81-885E-2F188545BB7F}"
EndProject
Project("{FAE04EC0-301F-11D3-BF4B-00C04F79EFBC}") = "SerializableLibrary", "SerializableLibrary\SerializableLibrary.csproj", "{2FBE1037-04EF-4921-AA90-91272489F636}"
Project("{FAE04EC0-301F-11D3-BF4B-00C04F79EFBC}") = "ReflectionLibrary", "ReflectionLibrary\ReflectionLibrary.csproj", "{39BFF865-2238-41EE-AEB0-EC2F7BC2E53C}"
EndProject
Global
	GlobalSection(SolutionConfigurationPlatforms) = preSolution
		Debug|Any CPU = Debug|Any CPU
		Release|Any CPU = Release|Any CPU
	EndGlobalSection
	GlobalSection(ProjectConfigurationPlatforms) = postSolution
		{595014CC-26BD-4972-8FB1-22A6DC734AE8}.Debug|Any CPU.ActiveCfg = Debug|Any CPU
		{595014CC-26BD-4972-8FB1-22A6DC734AE8}.Debug|Any CPU.Build.0 = Debug|Any CPU
		{595014CC-26BD-4972-8FB1-22A6DC734AE8}.Release|Any CPU.ActiveCfg = Release|Any CPU
		{595014CC-26BD-4972-8FB1-22A6DC734AE8}.Release|Any CPU.Build.0 = Release|Any CPU
		{39BFF865-2238-41EE-AEB0-EC2F7BC2E53C}.Debug|Any CPU.ActiveCfg = Debug|Any CPU
		{39BFF865-2238-41EE-AEB0-EC2F7BC2E53C}.Debug|Any CPU.Build.0 = Debug|Any CPU
		{39BFF865-2238-41EE-AEB0-EC2F7BC2E53C}.Release|Any CPU.ActiveCfg = Release|Any CPU
		{39BFF865-2238-41EE-AEB0-EC2F7BC2E53C}.Release|Any CPU.Build.0 = Release|Any CPU
		{12E5C795-9D5F-4D81-885E-2F188545BB7F}.Debug|Any CPU.ActiveCfg = Debug|Any CPU
		{12E5C795-9D5F-4D81-885E-2F188545BB7F}.Debug|Any CPU.Build.0 = Debug|Any CPU
		{12E5C795-9D5F-4D81-885E-2F188545BB7F}.Release|Any CPU.ActiveCfg = Release|Any CPU
		{12E5C795-9D5F-4D81-885E-2F188545BB7F}.Release|Any CPU.Build.0 = Release|Any CPU
		{2FBE1037-04EF-4921-AA90-91272489F636}.Debug|Any CPU.ActiveCfg = Debug|Any CPU
		{2FBE1037-04EF-4921-AA90-91272489F636}.Debug|Any CPU.Build.0 = Debug|Any CPU
		{2FBE1037-04EF-4921-AA90-91272489F636}.Release|Any CPU.ActiveCfg = Release|Any CPU
		{2FBE1037-04EF-4921-AA90-91272489F636}.Release|Any CPU.Build.0 = Release|Any CPU
	EndGlobalSection
	GlobalSection(SolutionProperties) = preSolution
		HideSolutionNode = FALSE
	EndGlobalSection
	GlobalSection(ExtensibilityGlobals) = postSolution
		SolutionGuid = {A93281C6-DCB6-45DE-BD75-60861E9ED8F3}
	EndGlobalSection
EndGlobal
