
Microsoft Visual Studio Solution File, Format Version 12.00
# Visual Studio Version 17
VisualStudioVersion = 17.7.34031.279
MinimumVisualStudioVersion = 10.0.40219.1
Project("{FAE04EC0-301F-11D3-BF4B-00C04F79EFBC}") = "ADO.Net_pr6", "ADO.Net_pr6.csproj", "{7655B8E7-596D-4EFC-ABDA-C7084C60ED38}"
EndProject
Project("{FAE04EC0-301F-11D3-BF4B-00C04F79EFBC}") = "ADO.Net_pr6_Test", "..\ADO.Net_pr6_Test\ADO.Net_pr6_Test.csproj", "{D1B81306-DD47-4ADD-8E06-0FA73E8BB012}"
EndProject
Project("{FAE04EC0-301F-11D3-BF4B-00C04F79EFBC}") = "ClassLibrary", "..\ClassLibrary\ClassLibrary.csproj", "{EAD23794-5EA0-4B9B-836E-AD852F4B6CCC}"
EndProject
Global
	GlobalSection(SolutionConfigurationPlatforms) = preSolution
		Debug|Any CPU = Debug|Any CPU
		Release|Any CPU = Release|Any CPU
	EndGlobalSection
	GlobalSection(ProjectConfigurationPlatforms) = postSolution
		{7655B8E7-596D-4EFC-ABDA-C7084C60ED38}.Debug|Any CPU.ActiveCfg = Debug|Any CPU
		{7655B8E7-596D-4EFC-ABDA-C7084C60ED38}.Debug|Any CPU.Build.0 = Debug|Any CPU
		{7655B8E7-596D-4EFC-ABDA-C7084C60ED38}.Release|Any CPU.ActiveCfg = Release|Any CPU
		{7655B8E7-596D-4EFC-ABDA-C7084C60ED38}.Release|Any CPU.Build.0 = Release|Any CPU
		{D1B81306-DD47-4ADD-8E06-0FA73E8BB012}.Debug|Any CPU.ActiveCfg = Debug|Any CPU
		{D1B81306-DD47-4ADD-8E06-0FA73E8BB012}.Debug|Any CPU.Build.0 = Debug|Any CPU
		{D1B81306-DD47-4ADD-8E06-0FA73E8BB012}.Release|Any CPU.ActiveCfg = Release|Any CPU
		{D1B81306-DD47-4ADD-8E06-0FA73E8BB012}.Release|Any CPU.Build.0 = Release|Any CPU
		{EAD23794-5EA0-4B9B-836E-AD852F4B6CCC}.Debug|Any CPU.ActiveCfg = Debug|Any CPU
		{EAD23794-5EA0-4B9B-836E-AD852F4B6CCC}.Debug|Any CPU.Build.0 = Debug|Any CPU
		{EAD23794-5EA0-4B9B-836E-AD852F4B6CCC}.Release|Any CPU.ActiveCfg = Release|Any CPU
		{EAD23794-5EA0-4B9B-836E-AD852F4B6CCC}.Release|Any CPU.Build.0 = Release|Any CPU
	EndGlobalSection
	GlobalSection(SolutionProperties) = preSolution
		HideSolutionNode = FALSE
	EndGlobalSection
	GlobalSection(ExtensibilityGlobals) = postSolution
		SolutionGuid = {4671B9D5-D371-4F56-99C1-9A6A0F02C91F}
	EndGlobalSection
EndGlobal
