
Microsoft Visual Studio Solution File, Format Version 12.00
# Visual Studio Version 17
VisualStudioVersion = 17.7.34031.279
MinimumVisualStudioVersion = 10.0.40219.1
Project("{FAE04EC0-301F-11D3-BF4B-00C04F79EFBC}") = "Concurrency_pr5", "Concurrency_pr5.csproj", "{FAC7362D-D6FE-49E6-A57F-19E11BA8748D}"
EndProject
Project("{FAE04EC0-301F-11D3-BF4B-00C04F79EFBC}") = "ClassLibrary", "..\ClassLibrary\ClassLibrary.csproj", "{2CCA69D4-F1A7-4324-8FBD-97992A4DEDFD}"
EndProject
Project("{FAE04EC0-301F-11D3-BF4B-00C04F79EFBC}") = "Test_pr5", "..\Test_pr5\Test_pr5.csproj", "{18220F03-B1D2-4BF2-B5F6-E5A1D9B07562}"
EndProject
Global
	GlobalSection(SolutionConfigurationPlatforms) = preSolution
		Debug|Any CPU = Debug|Any CPU
		Release|Any CPU = Release|Any CPU
	EndGlobalSection
	GlobalSection(ProjectConfigurationPlatforms) = postSolution
		{FAC7362D-D6FE-49E6-A57F-19E11BA8748D}.Debug|Any CPU.ActiveCfg = Debug|Any CPU
		{FAC7362D-D6FE-49E6-A57F-19E11BA8748D}.Debug|Any CPU.Build.0 = Debug|Any CPU
		{FAC7362D-D6FE-49E6-A57F-19E11BA8748D}.Release|Any CPU.ActiveCfg = Release|Any CPU
		{FAC7362D-D6FE-49E6-A57F-19E11BA8748D}.Release|Any CPU.Build.0 = Release|Any CPU
		{2CCA69D4-F1A7-4324-8FBD-97992A4DEDFD}.Debug|Any CPU.ActiveCfg = Debug|Any CPU
		{2CCA69D4-F1A7-4324-8FBD-97992A4DEDFD}.Debug|Any CPU.Build.0 = Debug|Any CPU
		{2CCA69D4-F1A7-4324-8FBD-97992A4DEDFD}.Release|Any CPU.ActiveCfg = Release|Any CPU
		{2CCA69D4-F1A7-4324-8FBD-97992A4DEDFD}.Release|Any CPU.Build.0 = Release|Any CPU
		{18220F03-B1D2-4BF2-B5F6-E5A1D9B07562}.Debug|Any CPU.ActiveCfg = Debug|Any CPU
		{18220F03-B1D2-4BF2-B5F6-E5A1D9B07562}.Debug|Any CPU.Build.0 = Debug|Any CPU
		{18220F03-B1D2-4BF2-B5F6-E5A1D9B07562}.Release|Any CPU.ActiveCfg = Release|Any CPU
		{18220F03-B1D2-4BF2-B5F6-E5A1D9B07562}.Release|Any CPU.Build.0 = Release|Any CPU
	EndGlobalSection
	GlobalSection(SolutionProperties) = preSolution
		HideSolutionNode = FALSE
	EndGlobalSection
	GlobalSection(ExtensibilityGlobals) = postSolution
		SolutionGuid = {8138DBD6-C23B-439B-8D17-011249FD8C03}
	EndGlobalSection
EndGlobal
